
Microsoft Visual Studio Solution File, Format Version 11.00
# Visual Studio 2010
Project("{8BC9CEB8-8B4A-11D0-8D11-00A0C91BC942}") = "WineService", "WineService\WineService.vcxproj", "{84736096-1EFA-D0CF-537C-E6029D09039F}"
EndProject
Project("{8BC9CEB8-8B4A-11D0-8D11-00A0C91BC942}") = "WineDemo", "WineDemo\WineDemo.vcxproj", "{3D2444AD-7111-90A9-7C38-D1CD5121DE3E}"
	ProjectSection(ProjectDependencies) = postProject
		{84736096-1EFA-D0CF-537C-E6029D09039F} = {84736096-1EFA-D0CF-537C-E6029D09039F}
	EndProjectSection
EndProject
Project("{FAE04EC0-301F-11D3-BF4B-00C04F79EFBC}") = "WineDemoUserControls", "WineDemoUserControls\WineDemoUserControls.csproj", "{BF968AFE-238B-48D2-90DF-3251AC57F249}"
EndProject
Project("{8BC9CEB8-8B4A-11D0-8D11-00A0C91BC942}") = "WineDemoUserControlsWrapper", "WineDemoUserControlsWrapper\WineDemoUserControlsWrapper.vcxproj", "{7B5EADA8-44C2-45A1-ABCD-EA8E79550453}"
EndProject
Project("{8BC9CEB8-8B4A-11D0-8D11-00A0C91BC942}") = "WineServiceShim", "WineServiceShim\WineServiceShim.vcxproj", "{C6F2172E-664B-4C49-86E9-F2D4ED6D8075}"
EndProject
Global
	GlobalSection(SolutionConfigurationPlatforms) = preSolution
		Debug|Any CPU = Debug|Any CPU
		Debug|Mixed Platforms = Debug|Mixed Platforms
		Debug|Win32 = Debug|Win32
		Debug|x86 = Debug|x86
		Release|Any CPU = Release|Any CPU
		Release|Mixed Platforms = Release|Mixed Platforms
		Release|Win32 = Release|Win32
		Release|x86 = Release|x86
		Template|Any CPU = Template|Any CPU
		Template|Mixed Platforms = Template|Mixed Platforms
		Template|Win32 = Template|Win32
		Template|x86 = Template|x86
	EndGlobalSection
	GlobalSection(ProjectConfigurationPlatforms) = postSolution
		{84736096-1EFA-D0CF-537C-E6029D09039F}.Debug|Any CPU.ActiveCfg = Debug|Win32
		{84736096-1EFA-D0CF-537C-E6029D09039F}.Debug|Mixed Platforms.ActiveCfg = Debug|Win32
		{84736096-1EFA-D0CF-537C-E6029D09039F}.Debug|Mixed Platforms.Build.0 = Debug|Win32
		{84736096-1EFA-D0CF-537C-E6029D09039F}.Debug|Win32.ActiveCfg = Debug|Win32
		{84736096-1EFA-D0CF-537C-E6029D09039F}.Debug|Win32.Build.0 = Debug|Win32
		{84736096-1EFA-D0CF-537C-E6029D09039F}.Debug|x86.ActiveCfg = Debug|Win32
		{84736096-1EFA-D0CF-537C-E6029D09039F}.Release|Any CPU.ActiveCfg = Release|Win32
		{84736096-1EFA-D0CF-537C-E6029D09039F}.Release|Mixed Platforms.ActiveCfg = Release|Win32
		{84736096-1EFA-D0CF-537C-E6029D09039F}.Release|Mixed Platforms.Build.0 = Release|Win32
		{84736096-1EFA-D0CF-537C-E6029D09039F}.Release|Win32.ActiveCfg = Release|Win32
		{84736096-1EFA-D0CF-537C-E6029D09039F}.Release|Win32.Build.0 = Release|Win32
		{84736096-1EFA-D0CF-537C-E6029D09039F}.Release|x86.ActiveCfg = Release|Win32
		{84736096-1EFA-D0CF-537C-E6029D09039F}.Template|Any CPU.ActiveCfg = Release|Win32
		{84736096-1EFA-D0CF-537C-E6029D09039F}.Template|Mixed Platforms.ActiveCfg = Release|Win32
		{84736096-1EFA-D0CF-537C-E6029D09039F}.Template|Mixed Platforms.Build.0 = Release|Win32
		{84736096-1EFA-D0CF-537C-E6029D09039F}.Template|Win32.ActiveCfg = Release|Win32
		{84736096-1EFA-D0CF-537C-E6029D09039F}.Template|Win32.Build.0 = Release|Win32
		{84736096-1EFA-D0CF-537C-E6029D09039F}.Template|x86.ActiveCfg = Release|Win32
		{3D2444AD-7111-90A9-7C38-D1CD5121DE3E}.Debug|Any CPU.ActiveCfg = Debug|Win32
		{3D2444AD-7111-90A9-7C38-D1CD5121DE3E}.Debug|Mixed Platforms.ActiveCfg = Debug|Win32
		{3D2444AD-7111-90A9-7C38-D1CD5121DE3E}.Debug|Mixed Platforms.Build.0 = Debug|Win32
		{3D2444AD-7111-90A9-7C38-D1CD5121DE3E}.Debug|Win32.ActiveCfg = Debug|Win32
		{3D2444AD-7111-90A9-7C38-D1CD5121DE3E}.Debug|Win32.Build.0 = Debug|Win32
		{3D2444AD-7111-90A9-7C38-D1CD5121DE3E}.Debug|x86.ActiveCfg = Debug|Win32
		{3D2444AD-7111-90A9-7C38-D1CD5121DE3E}.Release|Any CPU.ActiveCfg = Release|Win32
		{3D2444AD-7111-90A9-7C38-D1CD5121DE3E}.Release|Mixed Platforms.ActiveCfg = Release|Win32
		{3D2444AD-7111-90A9-7C38-D1CD5121DE3E}.Release|Mixed Platforms.Build.0 = Release|Win32
		{3D2444AD-7111-90A9-7C38-D1CD5121DE3E}.Release|Win32.ActiveCfg = Release|Win32
		{3D2444AD-7111-90A9-7C38-D1CD5121DE3E}.Release|Win32.Build.0 = Release|Win32
		{3D2444AD-7111-90A9-7C38-D1CD5121DE3E}.Release|x86.ActiveCfg = Release|Win32
		{3D2444AD-7111-90A9-7C38-D1CD5121DE3E}.Template|Any CPU.ActiveCfg = Template|Win32
		{3D2444AD-7111-90A9-7C38-D1CD5121DE3E}.Template|Mixed Platforms.ActiveCfg = Template|Win32
		{3D2444AD-7111-90A9-7C38-D1CD5121DE3E}.Template|Mixed Platforms.Build.0 = Template|Win32
		{3D2444AD-7111-90A9-7C38-D1CD5121DE3E}.Template|Win32.ActiveCfg = Template|Win32
		{3D2444AD-7111-90A9-7C38-D1CD5121DE3E}.Template|Win32.Build.0 = Template|Win32
		{3D2444AD-7111-90A9-7C38-D1CD5121DE3E}.Template|x86.ActiveCfg = Template|Win32
		{BF968AFE-238B-48D2-90DF-3251AC57F249}.Debug|Any CPU.ActiveCfg = Debug|Any CPU
		{BF968AFE-238B-48D2-90DF-3251AC57F249}.Debug|Any CPU.Build.0 = Debug|Any CPU
		{BF968AFE-238B-48D2-90DF-3251AC57F249}.Debug|Mixed Platforms.ActiveCfg = Debug|Any CPU
		{BF968AFE-238B-48D2-90DF-3251AC57F249}.Debug|Mixed Platforms.Build.0 = Debug|Any CPU
		{BF968AFE-238B-48D2-90DF-3251AC57F249}.Debug|Win32.ActiveCfg = Debug|Any CPU
		{BF968AFE-238B-48D2-90DF-3251AC57F249}.Debug|x86.ActiveCfg = Debug|Any CPU
		{BF968AFE-238B-48D2-90DF-3251AC57F249}.Release|Any CPU.ActiveCfg = Release|Any CPU
		{BF968AFE-238B-48D2-90DF-3251AC57F249}.Release|Any CPU.Build.0 = Release|Any CPU
		{BF968AFE-238B-48D2-90DF-3251AC57F249}.Release|Mixed Platforms.ActiveCfg = Release|Any CPU
		{BF968AFE-238B-48D2-90DF-3251AC57F249}.Release|Mixed Platforms.Build.0 = Release|Any CPU
		{BF968AFE-238B-48D2-90DF-3251AC57F249}.Release|Win32.ActiveCfg = Release|Any CPU
		{BF968AFE-238B-48D2-90DF-3251AC57F249}.Release|x86.ActiveCfg = Release|Any CPU
		{BF968AFE-238B-48D2-90DF-3251AC57F249}.Template|Any CPU.ActiveCfg = Release|Any CPU
		{BF968AFE-238B-48D2-90DF-3251AC57F249}.Template|Any CPU.Build.0 = Release|Any CPU
		{BF968AFE-238B-48D2-90DF-3251AC57F249}.Template|Mixed Platforms.ActiveCfg = Release|Any CPU
		{BF968AFE-238B-48D2-90DF-3251AC57F249}.Template|Mixed Platforms.Build.0 = Release|Any CPU
		{BF968AFE-238B-48D2-90DF-3251AC57F249}.Template|Win32.ActiveCfg = Release|Any CPU
		{BF968AFE-238B-48D2-90DF-3251AC57F249}.Template|x86.ActiveCfg = Release|Any CPU
		{7B5EADA8-44C2-45A1-ABCD-EA8E79550453}.Debug|Any CPU.ActiveCfg = Debug|Win32
		{7B5EADA8-44C2-45A1-ABCD-EA8E79550453}.Debug|Mixed Platforms.ActiveCfg = Debug|Win32
		{7B5EADA8-44C2-45A1-ABCD-EA8E79550453}.Debug|Mixed Platforms.Build.0 = Debug|Win32
		{7B5EADA8-44C2-45A1-ABCD-EA8E79550453}.Debug|Win32.ActiveCfg = Debug|Win32
		{7B5EADA8-44C2-45A1-ABCD-EA8E79550453}.Debug|Win32.Build.0 = Debug|Win32
		{7B5EADA8-44C2-45A1-ABCD-EA8E79550453}.Debug|x86.ActiveCfg = Debug|Win32
		{7B5EADA8-44C2-45A1-ABCD-EA8E79550453}.Release|Any CPU.ActiveCfg = Release|Win32
		{7B5EADA8-44C2-45A1-ABCD-EA8E79550453}.Release|Mixed Platforms.ActiveCfg = Release|Win32
		{7B5EADA8-44C2-45A1-ABCD-EA8E79550453}.Release|Mixed Platforms.Build.0 = Release|Win32
		{7B5EADA8-44C2-45A1-ABCD-EA8E79550453}.Release|Win32.ActiveCfg = Release|Win32
		{7B5EADA8-44C2-45A1-ABCD-EA8E79550453}.Release|Win32.Build.0 = Release|Win32
		{7B5EADA8-44C2-45A1-ABCD-EA8E79550453}.Release|x86.ActiveCfg = Release|Win32
		{7B5EADA8-44C2-45A1-ABCD-EA8E79550453}.Template|Any CPU.ActiveCfg = Release|Win32
		{7B5EADA8-44C2-45A1-ABCD-EA8E79550453}.Template|Mixed Platforms.ActiveCfg = Release|Win32
		{7B5EADA8-44C2-45A1-ABCD-EA8E79550453}.Template|Mixed Platforms.Build.0 = Release|Win32
		{7B5EADA8-44C2-45A1-ABCD-EA8E79550453}.Template|Win32.ActiveCfg = Release|Win32
		{7B5EADA8-44C2-45A1-ABCD-EA8E79550453}.Template|Win32.Build.0 = Release|Win32
		{7B5EADA8-44C2-45A1-ABCD-EA8E79550453}.Template|x86.ActiveCfg = Release|Win32
		{C6F2172E-664B-4C49-86E9-F2D4ED6D8075}.Debug|Any CPU.ActiveCfg = Debug|Win32
		{C6F2172E-664B-4C49-86E9-F2D4ED6D8075}.Debug|Mixed Platforms.ActiveCfg = Debug|Win32
		{C6F2172E-664B-4C49-86E9-F2D4ED6D8075}.Debug|Mixed Platforms.Build.0 = Debug|Win32
		{C6F2172E-664B-4C49-86E9-F2D4ED6D8075}.Debug|Win32.ActiveCfg = Debug|Win32
		{C6F2172E-664B-4C49-86E9-F2D4ED6D8075}.Debug|Win32.Build.0 = Debug|Win32
		{C6F2172E-664B-4C49-86E9-F2D4ED6D8075}.Debug|x86.ActiveCfg = Debug|Win32
		{C6F2172E-664B-4C49-86E9-F2D4ED6D8075}.Release|Any CPU.ActiveCfg = Release|Win32
		{C6F2172E-664B-4C49-86E9-F2D4ED6D8075}.Release|Mixed Platforms.ActiveCfg = Release|Win32
		{C6F2172E-664B-4C49-86E9-F2D4ED6D8075}.Release|Mixed Platforms.Build.0 = Release|Win32
		{C6F2172E-664B-4C49-86E9-F2D4ED6D8075}.Release|Win32.ActiveCfg = Release|Win32
		{C6F2172E-664B-4C49-86E9-F2D4ED6D8075}.Release|Win32.Build.0 = Release|Win32
		{C6F2172E-664B-4C49-86E9-F2D4ED6D8075}.Release|x86.ActiveCfg = Release|Win32
		{C6F2172E-664B-4C49-86E9-F2D4ED6D8075}.Template|Any CPU.ActiveCfg = Release|Win32
		{C6F2172E-664B-4C49-86E9-F2D4ED6D8075}.Template|Mixed Platforms.ActiveCfg = Release|Win32
		{C6F2172E-664B-4C49-86E9-F2D4ED6D8075}.Template|Mixed Platforms.Build.0 = Release|Win32
		{C6F2172E-664B-4C49-86E9-F2D4ED6D8075}.Template|Win32.ActiveCfg = Release|Win32
		{C6F2172E-664B-4C49-86E9-F2D4ED6D8075}.Template|Win32.Build.0 = Release|Win32
		{C6F2172E-664B-4C49-86E9-F2D4ED6D8075}.Template|x86.ActiveCfg = Release|Win32
	EndGlobalSection
	GlobalSection(SolutionProperties) = preSolution
		HideSolutionNode = FALSE
	EndGlobalSection
EndGlobal
